// !$*UTF8*$!
{
	archiveVersion = 1;
	classes = {
	};
	objectVersion = 46;
	objects = {

/* Begin PBXBuildFile section */
		2EAFDDDE1EB82D02007AC0F7 /* AppDelegate.swift in Sources */ = {isa = PBXBuildFile; fileRef = 2EAFDDDD1EB82D02007AC0F7 /* AppDelegate.swift */; };
		2EAFDDE01EB82D02007AC0F7 /* ViewController.swift in Sources */ = {isa = PBXBuildFile; fileRef = 2EAFDDDF1EB82D02007AC0F7 /* ViewController.swift */; };
		2EAFDDE31EB82D02007AC0F7 /* Main.storyboard in Resources */ = {isa = PBXBuildFile; fileRef = 2EAFDDE11EB82D02007AC0F7 /* Main.storyboard */; };
		2EAFDDE51EB82D02007AC0F7 /* Assets.xcassets in Resources */ = {isa = PBXBuildFile; fileRef = 2EAFDDE41EB82D02007AC0F7 /* Assets.xcassets */; };
		2EAFDDE81EB82D02007AC0F7 /* LaunchScreen.storyboard in Resources */ = {isa = PBXBuildFile; fileRef = 2EAFDDE61EB82D02007AC0F7 /* LaunchScreen.storyboard */; };
		2EAFDDF01EB82D0E007AC0F7 /* QXDate.swift in Sources */ = {isa = PBXBuildFile; fileRef = 2EAFDDEF1EB82D0E007AC0F7 /* QXDate.swift */; };
/* End PBXBuildFile section */

/* Begin PBXFileReference section */
		2EAFDDDA1EB82D02007AC0F7 /* QXDate.app */ = {isa = PBXFileReference; explicitFileType = wrapper.application; includeInIndex = 0; path = QXDate.app; sourceTree = BUILT_PRODUCTS_DIR; };
		2EAFDDDD1EB82D02007AC0F7 /* AppDelegate.swift */ = {isa = PBXFileReference; lastKnownFileType = sourcecode.swift; path = AppDelegate.swift; sourceTree = "<group>"; };
		2EAFDDDF1EB82D02007AC0F7 /* ViewController.swift */ = {isa = PBXFileReference; lastKnownFileType = sourcecode.swift; path = ViewController.swift; sourceTree = "<group>"; };
		2EAFDDE21EB82D02007AC0F7 /* Base */ = {isa = PBXFileReference; lastKnownFileType = file.storyboard; name = Base; path = Base.lproj/Main.storyboard; sourceTree = "<group>"; };
		2EAFDDE41EB82D02007AC0F7 /* Assets.xcassets */ = {isa = PBXFileReference; lastKnownFileType = folder.assetcatalog; path = Assets.xcassets; sourceTree = "<group>"; };
		2EAFDDE71EB82D02007AC0F7 /* Base */ = {isa = PBXFileReference; lastKnownFileType = file.storyboard; name = Base; path = Base.lproj/LaunchScreen.storyboard; sourceTree = "<group>"; };
		2EAFDDE91EB82D02007AC0F7 /* Info.plist */ = {isa = PBXFileReference; lastKnownFileType = text.plist.xml; path = Info.plist; sourceTree = "<group>"; };
		2EAFDDEF1EB82D0E007AC0F7 /* QXDate.swift */ = {isa = PBXFileReference; fileEncoding = 4; lastKnownFileType = sourcecode.swift; path = QXDate.swift; sourceTree = "<group>"; };
/* End PBXFileReference section */

/* Begin PBXFrameworksBuildPhase section */
		2EAFDDD71EB82D02007AC0F7 /* Frameworks */ = {
			isa = PBXFrameworksBuildPhase;
			buildActionMask = 2147483647;
			files = (
			);
			runOnlyForDeploymentPostprocessing = 0;
		};
/* End PBXFrameworksBuildPhase section */

/* Begin PBXGroup section */
		2EAFDDD11EB82D02007AC0F7 = {
			isa = PBXGroup;
			children = (
				2EAFDDDC1EB82D02007AC0F7 /* QXDate */,
				2EAFDDDB1EB82D02007AC0F7 /* Products */,
			);
			sourceTree = "<group>";
		};
		2EAFDDDB1EB82D02007AC0F7 /* Products */ = {
			isa = PBXGroup;
			children = (
				2EAFDDDA1EB82D02007AC0F7 /* QXDate.app */,
			);
			name = Products;
			sourceTree = "<group>";
		};
		2EAFDDDC1EB82D02007AC0F7 /* QXDate */ = {
			isa = PBXGroup;
			children = (
				2EAFDDEF1EB82D0E007AC0F7 /* QXDate.swift */,
				2EAFDDDD1EB82D02007AC0F7 /* AppDelegate.swift */,
				2EAFDDDF1EB82D02007AC0F7 /* ViewController.swift */,
				2EAFDDE11EB82D02007AC0F7 /* Main.storyboard */,
				2EAFDDE41EB82D02007AC0F7 /* Assets.xcassets */,
				2EAFDDE61EB82D02007AC0F7 /* LaunchScreen.storyboard */,
				2EAFDDE91EB82D02007AC0F7 /* Info.plist */,
			);
			path = QXDate;
			sourceTree = "<group>";
		};
/* End PBXGroup section */

/* Begin PBXNativeTarget section */
		2EAFDDD91EB82D02007AC0F7 /* QXDate */ = {
			isa = PBXNativeTarget;
			buildConfigurationList = 2EAFDDEC1EB82D02007AC0F7 /* Build configuration list for PBXNativeTarget "QXDate" */;
			buildPhases = (
				2EAFDDD61EB82D02007AC0F7 /* Sources */,
				2EAFDDD71EB82D02007AC0F7 /* Frameworks */,
				2EAFDDD81EB82D02007AC0F7 /* Resources */,
			);
			buildRules = (
			);
			dependencies = (
			);
			name = QXDate;
			productName = QXDate;
			productReference = 2EAFDDDA1EB82D02007AC0F7 /* QXDate.app */;
			productType = "com.apple.product-type.application";
		};
/* End PBXNativeTarget section */

/* Begin PBXProject section */
		2EAFDDD21EB82D02007AC0F7 /* Project object */ = {
			isa = PBXProject;
			attributes = {
				LastSwiftUpdateCheck = 0830;
				LastUpgradeCheck = 0830;
				ORGANIZATIONNAME = labi3285;
				TargetAttributes = {
					2EAFDDD91EB82D02007AC0F7 = {
						CreatedOnToolsVersion = 8.3;
						ProvisioningStyle = Automatic;
					};
				};
			};
			buildConfigurationList = 2EAFDDD51EB82D02007AC0F7 /* Build configuration list for PBXProject "QXDate" */;
			compatibilityVersion = "Xcode 3.2";
			developmentRegion = English;
			hasScannedForEncodings = 0;
			knownRegions = (
				en,
				Base,
			);
			mainGroup = 2EAFDDD11EB82D02007AC0F7;
			productRefGroup = 2EAFDDDB1EB82D02007AC0F7 /* Products */;
			projectDirPath = "";
			projectRoot = "";
			targets = (
				2EAFDDD91EB82D02007AC0F7 /* QXDate */,
			);
		};
/* End PBXProject section */

/* Begin PBXResourcesBuildPhase section */
		2EAFDDD81EB82D02007AC0F7 /* Resources */ = {
			isa = PBXResourcesBuildPhase;
			buildActionMask = 2147483647;
			files = (
				2EAFDDE81EB82D02007AC0F7 /* LaunchScreen.storyboard in Resources */,
				2EAFDDE51EB82D02007AC0F7 /* Assets.xcassets in Resources */,
				2EAFDDE31EB82D02007AC0F7 /* Main.storyboard in Resources */,
			);
			runOnlyForDeploymentPostprocessing = 0;
		};
/* End PBXResourcesBuildPhase section */

/* Begin PBXSourcesBuildPhase section */
		2EAFDDD61EB82D02007AC0F7 /* Sources */ = {
			isa = PBXSourcesBuildPhase;
			buildActionMask = 2147483647;
			files = (
				2EAFDDF01EB82D0E007AC0F7 /* QXDate.swift in Sources */,
				2EAFDDE01EB82D02007AC0F7 /* ViewController.swift in Sources */,
				2EAFDDDE1EB82D02007AC0F7 /* AppDelegate.swift in Sources */,
			);
			runOnlyForDeploymentPostprocessing = 0;
		};
/* End PBXSourcesBuildPhase section */

/* Begin PBXVariantGroup section */
		2EAFDDE11EB82D02007AC0F7 /* Main.storyboard */ = {
			isa = PBXVariantGroup;
			children = (
				2EAFDDE21EB82D02007AC0F7 /* Base */,
			);
			name = Main.storyboard;
			sourceTree = "<group>";
		};
		2EAFDDE61EB82D02007AC0F7 /* LaunchScreen.storyboard */ = {
			isa = PBXVariantGroup;
			children = (
				2EAFDDE71EB82D02007AC0F7 /* Base */,
			);
			name = LaunchScreen.storyboard;
			sourceTree = "<group>";
		};
/* End PBXVariantGroup section */

/* Begin XCBuildConfiguration section */
		2EAFDDEA1EB82D02007AC0F7 /* Debug */ = {
			isa = XCBuildConfiguration;
			buildSettings = {
				ALWAYS_SEARCH_USER_PATHS = NO;
				CLANG_ANALYZER_NONNULL = YES;
				CLANG_ANALYZER_NUMBER_OBJECT_CONVERSION = YES_AGGRESSIVE;
				CLANG_CXX_LANGUAGE_STANDARD = "gnu++0x";
				CLANG_CXX_LIBRARY = "libc++";
				CLANG_ENABLE_MODULES = YES;
				CLANG_ENABLE_OBJC_ARC = YES;
				CLANG_WARN_BOOL_CONVERSION = YES;
				CLANG_WARN_CONSTANT_CONVERSION = YES;
				CLANG_WARN_DIRECT_OBJC_ISA_USAGE = YES_ERROR;
				CLANG_WARN_DOCUMENTATION_COMMENTS = YES;
				CLANG_WARN_EMPTY_BODY = YES;
				CLANG_WARN_ENUM_CONVERSION = YES;
				CLANG_WARN_INFINITE_RECURSION = YES;
				CLANG_WARN_INT_CONVERSION = YES;
				CLANG_WARN_OBJC_ROOT_CLASS = YES_ERROR;
				CLANG_WARN_SUSPICIOUS_MOVE = YES;
				CLANG_WARN_UNREACHABLE_CODE = YES;
				CLANG_WARN__DUPLICATE_METHOD_MATCH = YES;
				"CODE_SIGN_IDENTITY[sdk=iphoneos*]" = "iPhone Developer";
				COPY_PHASE_STRIP = NO;
				DEBUG_INFORMATION_FORMAT = dwarf;
				ENABLE_STRICT_OBJC_MSGSEND = YES;
				ENABLE_TESTABILITY = YES;
				GCC_C_LANGUAGE_STANDARD = gnu99;
				GCC_DYNAMIC_NO_PIC = NO;
				GCC_NO_COMMON_BLOCKS = YES;
				GCC_OPTIMIZATION_LEVEL = 0;
				GCC_PREPROCESSOR_DEFINITIONS = (
					"DEBUG=1",
					"$(inherited)",
				);
				GCC_WARN_64_TO_32_BIT_CONVERSION = YES;
				GCC_WARN_ABOUT_RETURN_TYPE = YES_ERROR;
				GCC_WARN_UNDECLARED_SELECTOR = YES;
				GCC_WARN_UNINITIALIZED_AUTOS = YES_AGGRESSIVE;
				GCC_WARN_UNUSED_FUNCTION = YES;
				GCC_WARN_UNUSED_VARIABLE = YES;
				IPHONEOS_DEPLOYMENT_TARGET = 10.3;
				MTL_ENABLE_DEBUG_INFO = YES;
				ONLY_ACTIVE_ARCH = YES;
				SDKROOT = iphoneos;
				SWIFT_ACTIVE_COMPILATION_CONDITIONS = DEBUG;
				SWIFT_OPTIMIZATION_LEVEL = "-Onone";
			};
			name = Debug;
		};
		2EAFDDEB1EB82D02007AC0F7 /* Release */ = {
			isa = XCBuildConfiguration;
			buildSettings = {
				ALWAYS_SEARCH_USER_PATHS = NO;
				CLANG_ANALYZER_NONNULL = YES;
				CLANG_ANALYZER_NUMBER_OBJECT_CONVERSION = YES_AGGRESSIVE;
				CLANG_CXX_LANGUAGE_STANDARD = "gnu++0x";
				CLANG_CXX_LIBRARY = "libc++";
				CLANG_ENABLE_MODULES = YES;
				CLANG_ENABLE_OBJC_ARC = YES;
				CLANG_WARN_BOOL_CONVERSION = YES;
				CLANG_WARN_CONSTANT_CONVERSION = YES;
				CLANG_WARN_DIRECT_OBJC_ISA_USAGE = YES_ERROR;
				CLANG_WARN_DOCUMENTATION_COMMENTS = YES;
				CLANG_WARN_EMPTY_BODY = YES;
				CLANG_WARN_ENUM_CONVERSION = YES;
				CLANG_WARN_INFINITE_RECURSION = YES;
				CLANG_WARN_INT_CONVERSION = YES;
				CLANG_WARN_OBJC_ROOT_CLASS = YES_ERROR;
				CLANG_WARN_SUSPICIOUS_MOVE = YES;
				CLANG_WARN_UNREACHABLE_CODE = YES;
				CLANG_WARN__DUPLICATE_METHOD_MATCH = YES;
				"CODE_SIGN_IDENTITY[sdk=iphoneos*]" = "iPhone Developer";
				COPY_PHASE_STRIP = NO;
				DEBUG_INFORMATION_FORMAT = "dwarf-with-dsym";
				ENABLE_NS_ASSERTIONS = NO;
				ENABLE_STRICT_OBJC_MSGSEND = YES;
				GCC_C_LANGUAGE_STANDARD = gnu99;
				GCC_NO_COMMON_BLOCKS = YES;
				GCC_WARN_64_TO_32_BIT_CONVERSION = YES;
				GCC_WARN_ABOUT_RETURN_TYPE = YES_ERROR;
				GCC_WARN_UNDECLARED_SELECTOR = YES;
				GCC_WARN_UNINITIALIZED_AUTOS = YES_AGGRESSIVE;
				GCC_WARN_UNUSED_FUNCTION = YES;
				GCC_WARN_UNUSED_VARIABLE = YES;
				IPHONEOS_DEPLOYMENT_TARGET = 10.3;
				MTL_ENABLE_DEBUG_INFO = NO;
				SDKROOT = iphoneos;
				SWIFT_OPTIMIZATION_LEVEL = "-Owholemodule";
				VALIDATE_PRODUCT = YES;
			};
			name = Release;
		};
		2EAFDDED1EB82D02007AC0F7 /* Debug */ = {
			isa = XCBuildConfiguration;
			buildSettings = {
				ASSETCATALOG_COMPILER_APPICON_NAME = AppIcon;
				INFOPLIST_FILE = QXDate/Info.plist;
				LD_RUNPATH_SEARCH_PATHS = "$(inherited) @executable_path/Frameworks";
				PRODUCT_BUNDLE_IDENTIFIER = labi3285.QXDate;
				PRODUCT_NAME = "$(TARGET_NAME)";
				SWIFT_VERSION = 3.0;
			};
			name = Debug;
		};
		2EAFDDEE1EB82D02007AC0F7 /* Release */ = {
			isa = XCBuildConfiguration;
			buildSettings = {
				ASSETCATALOG_COMPILER_APPICON_NAME = AppIcon;
				INFOPLIST_FILE = QXDate/Info.plist;
				LD_RUNPATH_SEARCH_PATHS = "$(inherited) @executable_path/Frameworks";
				PRODUCT_BUNDLE_IDENTIFIER = labi3285.QXDate;
				PRODUCT_NAME = "$(TARGET_NAME)";
				SWIFT_VERSION = 3.0;
			};
			name = Release;
		};
/* End XCBuildConfiguration section */

/* Begin XCConfigurationList section */
		2EAFDDD51EB82D02007AC0F7 /* Build configuration list for PBXProject "QXDate" */ = {
			isa = XCConfigurationList;
			buildConfigurations = (
				2EAFDDEA1EB82D02007AC0F7 /* Debug */,
				2EAFDDEB1EB82D02007AC0F7 /* Release */,
			);
			defaultConfigurationIsVisible = 0;
			defaultConfigurationName = Release;
		};
		2EAFDDEC1EB82D02007AC0F7 /* Build configuration list for PBXNativeTarget "QXDate" */ = {
			isa = XCConfigurationList;
			buildConfigurations = (
				2EAFDDED1EB82D02007AC0F7 /* Debug */,
				2EAFDDEE1EB82D02007AC0F7 /* Release */,
			);
			defaultConfigurationIsVisible = 0;
		};
/* End XCConfigurationList section */
	};
	rootObject = 2EAFDDD21EB82D02007AC0F7 /* Project object */;
}
